
Microsoft Visual Studio Solution File, Format Version 12.00
# Visual Studio 14
VisualStudioVersion = 14.0.25420.1
MinimumVisualStudioVersion = 10.0.40219.1
Project("{FAE04EC0-301F-11D3-BF4B-00C04F79EFBC}") = "SWExtension.CalAndLocalsImporter", "SWExtension.CalAndLocalsImporter\SWExtension.CalAndLocalsImporter.csproj", "{FDED5621-B5C7-4EBB-A4C3-0AE6F82ED3AE}"
EndProject
Global
	GlobalSection(SolutionConfigurationPlatforms) = preSolution
		Debug|Any CPU = Debug|Any CPU
		Release|Any CPU = Release|Any CPU
	EndGlobalSection
	GlobalSection(ProjectConfigurationPlatforms) = postSolution
		{FDED5621-B5C7-4EBB-A4C3-0AE6F82ED3AE}.Debug|Any CPU.ActiveCfg = Debug|Any CPU
		{FDED5621-B5C7-4EBB-A4C3-0AE6F82ED3AE}.Debug|Any CPU.Build.0 = Debug|Any CPU
		{FDED5621-B5C7-4EBB-A4C3-0AE6F82ED3AE}.Release|Any CPU.ActiveCfg = Release|Any CPU
		{FDED5621-B5C7-4EBB-A4C3-0AE6F82ED3AE}.Release|Any CPU.Build.0 = Release|Any CPU
	EndGlobalSection
	GlobalSection(SolutionProperties) = preSolution
		HideSolutionNode = FALSE
	EndGlobalSection
EndGlobal
